
Microsoft Visual Studio Solution File, Format Version 12.00
# Visual Studio Version 17
VisualStudioVersion = 17.8.34408.163
MinimumVisualStudioVersion = 10.0.40219.1
Project("{FAE04EC0-301F-11D3-BF4B-00C04F79EFBC}") = "SkolaDB-Database-Labb3", "SkolaDB-Database-Labb3\SkolaDB-Database-Labb3.csproj", "{F99C47B5-461F-4CEF-A1B8-70E438816A61}"
EndProject
Global
	GlobalSection(SolutionConfigurationPlatforms) = preSolution
		Debug|Any CPU = Debug|Any CPU
		Release|Any CPU = Release|Any CPU
	EndGlobalSection
	GlobalSection(ProjectConfigurationPlatforms) = postSolution
		{F99C47B5-461F-4CEF-A1B8-70E438816A61}.Debug|Any CPU.ActiveCfg = Debug|Any CPU
		{F99C47B5-461F-4CEF-A1B8-70E438816A61}.Debug|Any CPU.Build.0 = Debug|Any CPU
		{F99C47B5-461F-4CEF-A1B8-70E438816A61}.Release|Any CPU.ActiveCfg = Release|Any CPU
		{F99C47B5-461F-4CEF-A1B8-70E438816A61}.Release|Any CPU.Build.0 = Release|Any CPU
	EndGlobalSection
	GlobalSection(SolutionProperties) = preSolution
		HideSolutionNode = FALSE
	EndGlobalSection
	GlobalSection(ExtensibilityGlobals) = postSolution
		SolutionGuid = {BDBA3D7F-916A-48E5-A1E5-2E23B9C4181A}
	EndGlobalSection
EndGlobal
